
Microsoft Visual Studio Solution File, Format Version 12.00
# Visual Studio Version 17
VisualStudioVersion = 17.4.33213.308
MinimumVisualStudioVersion = 10.0.40219.1
Project("{FAE04EC0-301F-11D3-BF4B-00C04F79EFBC}") = "Lecture6_744", "Lecture6_744\Lecture6_744.csproj", "{58EC4ABE-0832-4334-B570-FF03A4E3B62A}"
EndProject
Global
	GlobalSection(SolutionConfigurationPlatforms) = preSolution
		Debug|Any CPU = Debug|Any CPU
		Release|Any CPU = Release|Any CPU
	EndGlobalSection
	GlobalSection(ProjectConfigurationPlatforms) = postSolution
		{58EC4ABE-0832-4334-B570-FF03A4E3B62A}.Debug|Any CPU.ActiveCfg = Debug|Any CPU
		{58EC4ABE-0832-4334-B570-FF03A4E3B62A}.Debug|Any CPU.Build.0 = Debug|Any CPU
		{58EC4ABE-0832-4334-B570-FF03A4E3B62A}.Release|Any CPU.ActiveCfg = Release|Any CPU
		{58EC4ABE-0832-4334-B570-FF03A4E3B62A}.Release|Any CPU.Build.0 = Release|Any CPU
	EndGlobalSection
	GlobalSection(SolutionProperties) = preSolution
		HideSolutionNode = FALSE
	EndGlobalSection
	GlobalSection(ExtensibilityGlobals) = postSolution
		SolutionGuid = {74DCC82F-7046-4ACF-8EA7-2CD9E0124E0C}
	EndGlobalSection
EndGlobal
